<?xml version="1.0" encoding="utf-8"?>
<Project ToolsVersion="4.0" xmlns="http://schemas.microsoft.com/developer/msbuild/2003">
  <ItemGroup>
    <Filter Include="src">
      <UniqueIdentifier>{020ee1e3-4753-4052-b8fa-96fda0b8d077}</UniqueIdentifier>
    </Filter>
  </ItemGroup>
  <ItemGroup>
    <ClInclude Include="src\math.h">
      <Filter>src</Filter>
    </ClInclude>
    <ClInclude Include="src\octree.h">
      <Filter>src</Filter>
    </ClInclude>
    <ClInclude Include="src\voxelization.hpp">
      <Filter>src</Filter>
    </ClInclude>
  </ItemGroup>
  <ItemGroup>
    <None Include="src\main.py">
      <Filter>src</Filter>
    </None>
  </ItemGroup>
  <ItemGroup>
    <ClCompile Include="src\block_on.cpp">
      <Filter>src</Filter>
    </ClCompile>
  </ItemGroup>
</Project>